
Microsoft Visual Studio Solution File, Format Version 12.00
# Visual Studio Version 17
VisualStudioVersion = 17.11.35327.3
MinimumVisualStudioVersion = 10.0.40219.1
Project("{FAE04EC0-301F-11D3-BF4B-00C04F79EFBC}") = "Tickect_system", "Tickect_system\Tickect_system.csproj", "{A35D8E22-8D06-43E2-838F-60BBE75442CF}"
EndProject
Global
	GlobalSection(SolutionConfigurationPlatforms) = preSolution
		Debug|Any CPU = Debug|Any CPU
		Release|Any CPU = Release|Any CPU
	EndGlobalSection
	GlobalSection(ProjectConfigurationPlatforms) = postSolution
		{A35D8E22-8D06-43E2-838F-60BBE75442CF}.Debug|Any CPU.ActiveCfg = Debug|Any CPU
		{A35D8E22-8D06-43E2-838F-60BBE75442CF}.Debug|Any CPU.Build.0 = Debug|Any CPU
		{A35D8E22-8D06-43E2-838F-60BBE75442CF}.Release|Any CPU.ActiveCfg = Release|Any CPU
		{A35D8E22-8D06-43E2-838F-60BBE75442CF}.Release|Any CPU.Build.0 = Release|Any CPU
	EndGlobalSection
	GlobalSection(SolutionProperties) = preSolution
		HideSolutionNode = FALSE
	EndGlobalSection
	GlobalSection(ExtensibilityGlobals) = postSolution
		SolutionGuid = {7ACC32CA-EDFF-4277-8DDC-3D994D85F718}
	EndGlobalSection
EndGlobal
